
Microsoft Visual Studio Solution File, Format Version 12.00
# Visual Studio Version 16
VisualStudioVersion = 16.0.31424.327
MinimumVisualStudioVersion = 10.0.40219.1
Project("{9A19103F-16F7-4668-BE54-9A1E7A4F7556}") = "DependencyExampleBlazorSchool", "DependencyExampleBlazorSchool\DependencyExampleBlazorSchool.csproj", "{96E4C651-383D-402F-B2FC-A65CC1E7CD11}"
EndProject
Global
	GlobalSection(SolutionConfigurationPlatforms) = preSolution
		Debug|Any CPU = Debug|Any CPU
		Release|Any CPU = Release|Any CPU
	EndGlobalSection
	GlobalSection(ProjectConfigurationPlatforms) = postSolution
		{96E4C651-383D-402F-B2FC-A65CC1E7CD11}.Debug|Any CPU.ActiveCfg = Debug|Any CPU
		{96E4C651-383D-402F-B2FC-A65CC1E7CD11}.Debug|Any CPU.Build.0 = Debug|Any CPU
		{96E4C651-383D-402F-B2FC-A65CC1E7CD11}.Release|Any CPU.ActiveCfg = Release|Any CPU
		{96E4C651-383D-402F-B2FC-A65CC1E7CD11}.Release|Any CPU.Build.0 = Release|Any CPU
	EndGlobalSection
	GlobalSection(SolutionProperties) = preSolution
		HideSolutionNode = FALSE
	EndGlobalSection
	GlobalSection(ExtensibilityGlobals) = postSolution
		SolutionGuid = {CDBD8515-42D5-43AC-9298-C8150E732E79}
	EndGlobalSection
EndGlobal
